Microsoft Visual Studio Solution File, Format Version 12.00
# Visual Studio Version 17
VisualStudioVersion = 17.5.2.0
MinimumVisualStudioVersion = 10.0.40219.1
Project("{FAE04EC0-301F-11D3-BF4B-00C04F79EFBC}") = "Kalendar", "Kalendar\Kalendar.csproj", "{19630165-8945-1F2F-FC52-6196DBB32519}"
EndProject
Global
	GlobalSection(SolutionConfigurationPlatforms) = preSolution
		Debug|Any CPU = Debug|Any CPU
		Release|Any CPU = Release|Any CPU
	EndGlobalSection
	GlobalSection(ProjectConfigurationPlatforms) = postSolution
		{19630165-8945-1F2F-FC52-6196DBB32519}.Debug|Any CPU.ActiveCfg = Debug|Any CPU
		{19630165-8945-1F2F-FC52-6196DBB32519}.Debug|Any CPU.Build.0 = Debug|Any CPU
		{19630165-8945-1F2F-FC52-6196DBB32519}.Release|Any CPU.ActiveCfg = Release|Any CPU
		{19630165-8945-1F2F-FC52-6196DBB32519}.Release|Any CPU.Build.0 = Release|Any CPU
	EndGlobalSection
	GlobalSection(SolutionProperties) = preSolution
		HideSolutionNode = FALSE
	EndGlobalSection
	GlobalSection(ExtensibilityGlobals) = postSolution
		SolutionGuid = {EDFA9B7E-5693-4EE1-B2CE-86F0374B6936}
	EndGlobalSection
EndGlobal
