
Microsoft Visual Studio Solution File, Format Version 12.00
# Visual Studio Version 17
VisualStudioVersion = 17.5.002.0
MinimumVisualStudioVersion = 10.0.40219.1
Project("{9A19103F-16F7-4668-BE54-9A1E7A4F7556}") = "EshopCrud", "EshopCrud.csproj", "{812BE1E0-3127-4BC0-BD76-132195E5E8D2}"
EndProject
Global
	GlobalSection(SolutionConfigurationPlatforms) = preSolution
		Debug|Any CPU = Debug|Any CPU
		Release|Any CPU = Release|Any CPU
	EndGlobalSection
	GlobalSection(ProjectConfigurationPlatforms) = postSolution
		{812BE1E0-3127-4BC0-BD76-132195E5E8D2}.Debug|Any CPU.ActiveCfg = Debug|Any CPU
		{812BE1E0-3127-4BC0-BD76-132195E5E8D2}.Debug|Any CPU.Build.0 = Debug|Any CPU
		{812BE1E0-3127-4BC0-BD76-132195E5E8D2}.Release|Any CPU.ActiveCfg = Release|Any CPU
		{812BE1E0-3127-4BC0-BD76-132195E5E8D2}.Release|Any CPU.Build.0 = Release|Any CPU
	EndGlobalSection
	GlobalSection(SolutionProperties) = preSolution
		HideSolutionNode = FALSE
	EndGlobalSection
	GlobalSection(ExtensibilityGlobals) = postSolution
		SolutionGuid = {9215D7D8-7368-412F-A8C8-E7F8002964B9}
	EndGlobalSection
EndGlobal
